
Microsoft Visual Studio Solution File, Format Version 12.00
# Visual Studio Version 17
VisualStudioVersion = 17.9.34728.123
MinimumVisualStudioVersion = 10.0.40219.1
Project("{9A19103F-16F7-4668-BE54-9A1E7A4F7556}") = "Entities", "Entities\Entities.csproj", "{8EEFCBFA-BBA8-423F-800C-C89AD66163C8}"
EndProject
Project("{9A19103F-16F7-4668-BE54-9A1E7A4F7556}") = "DataAccess", "DataAccess\DataAccess.csproj", "{51BE97FD-B3CE-4F79-8153-5D286911848A}"
EndProject
Project("{9A19103F-16F7-4668-BE54-9A1E7A4F7556}") = "Business", "Business\Business.csproj", "{B43B5C06-0C9E-4470-9B90-7A2DCD18FC5D}"
EndProject
Project("{9A19103F-16F7-4668-BE54-9A1E7A4F7556}") = "ConsoleUI", "ConsoleUI\ConsoleUI.csproj", "{ABA9BDAD-F0B6-4799-B527-54AC6260C1C7}"
EndProject
Project("{9A19103F-16F7-4668-BE54-9A1E7A4F7556}") = "Core", "Core\Core.csproj", "{9E924668-9F3D-4F3C-AC17-39F9936C3B94}"
EndProject
Project("{FAE04EC0-301F-11D3-BF4B-00C04F79EFBC}") = "WebAPI", "WebAPI\WebAPI.csproj", "{751FA17F-81FC-44B4-8A72-56C2A0530263}"
EndProject
Global
	GlobalSection(SolutionConfigurationPlatforms) = preSolution
		Debug|Any CPU = Debug|Any CPU
		Release|Any CPU = Release|Any CPU
	EndGlobalSection
	GlobalSection(ProjectConfigurationPlatforms) = postSolution
		{8EEFCBFA-BBA8-423F-800C-C89AD66163C8}.Debug|Any CPU.ActiveCfg = Debug|Any CPU
		{8EEFCBFA-BBA8-423F-800C-C89AD66163C8}.Debug|Any CPU.Build.0 = Debug|Any CPU
		{8EEFCBFA-BBA8-423F-800C-C89AD66163C8}.Release|Any CPU.ActiveCfg = Release|Any CPU
		{8EEFCBFA-BBA8-423F-800C-C89AD66163C8}.Release|Any CPU.Build.0 = Release|Any CPU
		{51BE97FD-B3CE-4F79-8153-5D286911848A}.Debug|Any CPU.ActiveCfg = Debug|Any CPU
		{51BE97FD-B3CE-4F79-8153-5D286911848A}.Debug|Any CPU.Build.0 = Debug|Any CPU
		{51BE97FD-B3CE-4F79-8153-5D286911848A}.Release|Any CPU.ActiveCfg = Release|Any CPU
		{51BE97FD-B3CE-4F79-8153-5D286911848A}.Release|Any CPU.Build.0 = Release|Any CPU
		{B43B5C06-0C9E-4470-9B90-7A2DCD18FC5D}.Debug|Any CPU.ActiveCfg = Debug|Any CPU
		{B43B5C06-0C9E-4470-9B90-7A2DCD18FC5D}.Debug|Any CPU.Build.0 = Debug|Any CPU
		{B43B5C06-0C9E-4470-9B90-7A2DCD18FC5D}.Release|Any CPU.ActiveCfg = Release|Any CPU
		{B43B5C06-0C9E-4470-9B90-7A2DCD18FC5D}.Release|Any CPU.Build.0 = Release|Any CPU
		{ABA9BDAD-F0B6-4799-B527-54AC6260C1C7}.Debug|Any CPU.ActiveCfg = Debug|Any CPU
		{ABA9BDAD-F0B6-4799-B527-54AC6260C1C7}.Debug|Any CPU.Build.0 = Debug|Any CPU
		{ABA9BDAD-F0B6-4799-B527-54AC6260C1C7}.Release|Any CPU.ActiveCfg = Release|Any CPU
		{ABA9BDAD-F0B6-4799-B527-54AC6260C1C7}.Release|Any CPU.Build.0 = Release|Any CPU
		{9E924668-9F3D-4F3C-AC17-39F9936C3B94}.Debug|Any CPU.ActiveCfg = Debug|Any CPU
		{9E924668-9F3D-4F3C-AC17-39F9936C3B94}.Debug|Any CPU.Build.0 = Debug|Any CPU
		{9E924668-9F3D-4F3C-AC17-39F9936C3B94}.Release|Any CPU.ActiveCfg = Release|Any CPU
		{9E924668-9F3D-4F3C-AC17-39F9936C3B94}.Release|Any CPU.Build.0 = Release|Any CPU
		{751FA17F-81FC-44B4-8A72-56C2A0530263}.Debug|Any CPU.ActiveCfg = Debug|Any CPU
		{751FA17F-81FC-44B4-8A72-56C2A0530263}.Debug|Any CPU.Build.0 = Debug|Any CPU
		{751FA17F-81FC-44B4-8A72-56C2A0530263}.Release|Any CPU.ActiveCfg = Release|Any CPU
		{751FA17F-81FC-44B4-8A72-56C2A0530263}.Release|Any CPU.Build.0 = Release|Any CPU
	EndGlobalSection
	GlobalSection(SolutionProperties) = preSolution
		HideSolutionNode = FALSE
	EndGlobalSection
	GlobalSection(ExtensibilityGlobals) = postSolution
		SolutionGuid = {E2D5D7B9-7E08-47E7-920F-32A65E136F7A}
	EndGlobalSection
EndGlobal
